
Microsoft Visual Studio Solution File, Format Version 12.00
# Visual Studio 15
VisualStudioVersion = 15.0.28307.168
MinimumVisualStudioVersion = 10.0.40219.1
Project("{FAE04EC0-301F-11D3-BF4B-00C04F79EFBC}") = "TestApp", "ClassLibrary1\TestApp.csproj", "{DB43E1CF-FDF1-4D0E-BF42-9501F869340C}"
EndProject
Global
	GlobalSection(SolutionConfigurationPlatforms) = preSolution
		Debug|Any CPU = Debug|Any CPU
		Release|Any CPU = Release|Any CPU
	EndGlobalSection
	GlobalSection(ProjectConfigurationPlatforms) = postSolution
		{DB43E1CF-FDF1-4D0E-BF42-9501F869340C}.Debug|Any CPU.ActiveCfg = Debug|Any CPU
		{DB43E1CF-FDF1-4D0E-BF42-9501F869340C}.Debug|Any CPU.Build.0 = Debug|Any CPU
		{DB43E1CF-FDF1-4D0E-BF42-9501F869340C}.Release|Any CPU.ActiveCfg = Release|Any CPU
		{DB43E1CF-FDF1-4D0E-BF42-9501F869340C}.Release|Any CPU.Build.0 = Release|Any CPU
	EndGlobalSection
	GlobalSection(SolutionProperties) = preSolution
		HideSolutionNode = FALSE
	EndGlobalSection
	GlobalSection(ExtensibilityGlobals) = postSolution
		SolutionGuid = {59B8CAD8-C7B8-4326-AC72-9F786AAEE9C4}
	EndGlobalSection
EndGlobal
